PODS:
  - FBSnapshotTestCase (2.1.4):
    - FBSnapshotTestCase/SwiftSupport (= 2.1.4)
  - FBSnapshotTestCase/Core (2.1.4)
  - FBSnapshotTestCase/SwiftSupport (2.1.4):
    - FBSnapshotTestCase/Core
  - FlexBoxLayout (0.1.0)

DEPENDENCIES:
  - FBSnapshotTestCase
  - FlexBoxLayout (from `../`)

EXTERNAL SOURCES:
  FlexBoxLayout:
    :path: ../

SPEC CHECKSUMS:
  FBSnapshotTestCase: 094f9f314decbabe373b87cc339bea235a63e07a
  FlexBoxLayout: ed336392984d7da57acf8e245c9c00698694afab

PODFILE CHECKSUM: 084a939c99515bc3248f12ff061978b6b5c583dc

COCOAPODS: 1.0.1
